{
  "name": "@cuties/cluster",
  "version": "1.0.0",
  "lockfileVersion": 1,
  "requires": true,
  "dependencies": {
    "@cuties/assert": {
      "version": "1.1.4",
      "resolved": "https://registry.npmjs.org/@cuties/assert/-/assert-1.1.4.tgz",
      "integrity": "sha512-MgXcFnI1CsDLSu8O9s8ikqiLlknvj2thElT4MvMXy3B3bZlegUvQrZvN6kOzodRGsBLpIWhNXP8d6ckBitGxtg==",
      "requires": {
        "@cuties/cutie": "1.4.3",
        "test-executor": "1.1.0"
      }
    },
    "@cuties/cutie": {
      "version": "1.4.3",
      "resolved": "https://registry.npmjs.org/@cuties/cutie/-/cutie-1.4.3.tgz",
      "integrity": "sha512-oxcFZMdaSgVSasqQoNVp3R/dUniMxszlNgYLI6A/te5FY0b44yovqEpl7REJjorRYpdaZfjc8fHIaPZxWoa3aA=="
    },
    "@cuties/is": {
      "version": "1.0.6",
      "resolved": "https://registry.npmjs.org/@cuties/is/-/is-1.0.6.tgz",
      "integrity": "sha512-GcJW241fzz8OjZGCHnHNRbO9m/MrDE25NF+pYdd2WLXB77uCtICqeAy14DgiTCS0DxDfgmjKI7cTWoUwc00oRg==",
      "requires": {
        "@cuties/cutie": "1.4.3"
      }
    },
    "test-executor": {
      "version": "1.1.0",
      "resolved": "https://registry.npmjs.org/test-executor/-/test-executor-1.1.0.tgz",
      "integrity": "sha512-GQg5Z6j9fPJSgnRvcrQk0sKb6FFUf6lHaA5OjXrazXiQSfJE2VTS8u5Nxj6A/3/0SpLJCavJ3AyJnWz77RrU+w==",
      "requires": {
        "@cuties/cutie": "1.4.3"
      }
    }
  }
}
